
Microsoft Visual Studio Solution File, Format Version 12.00
# Visual Studio Version 16
VisualStudioVersion = 16.0.31727.386
MinimumVisualStudioVersion = 10.0.40219.1
Project("{8BC9CEB8-8B4A-11D0-8D11-00A0C91BC942}") = "exercice_3", "exercice_3.vcxproj", "{7F8CB360-4B00-47D4-AA20-9442021BF552}"
EndProject
Global
	GlobalSection(SolutionConfigurationPlatforms) = preSolution
		Debug|x64 = Debug|x64
		Debug|x86 = Debug|x86
		Release|x64 = Release|x64
		Release|x86 = Release|x86
	EndGlobalSection
	GlobalSection(ProjectConfigurationPlatforms) = postSolution
		{7F8CB360-4B00-47D4-AA20-9442021BF552}.Debug|x64.ActiveCfg = Debug|x64
		{7F8CB360-4B00-47D4-AA20-9442021BF552}.Debug|x64.Build.0 = Debug|x64
		{7F8CB360-4B00-47D4-AA20-9442021BF552}.Debug|x86.ActiveCfg = Debug|Win32
		{7F8CB360-4B00-47D4-AA20-9442021BF552}.Debug|x86.Build.0 = Debug|Win32
		{7F8CB360-4B00-47D4-AA20-9442021BF552}.Release|x64.ActiveCfg = Release|x64
		{7F8CB360-4B00-47D4-AA20-9442021BF552}.Release|x64.Build.0 = Release|x64
		{7F8CB360-4B00-47D4-AA20-9442021BF552}.Release|x86.ActiveCfg = Release|Win32
		{7F8CB360-4B00-47D4-AA20-9442021BF552}.Release|x86.Build.0 = Release|Win32
	EndGlobalSection
	GlobalSection(SolutionProperties) = preSolution
		HideSolutionNode = FALSE
	EndGlobalSection
	GlobalSection(ExtensibilityGlobals) = postSolution
		SolutionGuid = {7ACEA4A8-99B4-41B9-BB5C-796D1786014C}
	EndGlobalSection
EndGlobal
